
Microsoft Visual Studio Solution File, Format Version 12.00
# Visual Studio Version 17
VisualStudioVersion = 17.6.33620.401
MinimumVisualStudioVersion = 10.0.40219.1
Project("{8BC9CEB8-8B4A-11D0-8D11-00A0C91BC942}") = "4.23_mixtypes", "4.23_mixtypes\4.23_mixtypes.vcxproj", "{59629C6F-86D2-4C2C-8508-4A6EE8CE960F}"
EndProject
Global
	GlobalSection(SolutionConfigurationPlatforms) = preSolution
		Debug|x64 = Debug|x64
		Debug|x86 = Debug|x86
		Release|x64 = Release|x64
		Release|x86 = Release|x86
	EndGlobalSection
	GlobalSection(ProjectConfigurationPlatforms) = postSolution
		{59629C6F-86D2-4C2C-8508-4A6EE8CE960F}.Debug|x64.ActiveCfg = Debug|x64
		{59629C6F-86D2-4C2C-8508-4A6EE8CE960F}.Debug|x64.Build.0 = Debug|x64
		{59629C6F-86D2-4C2C-8508-4A6EE8CE960F}.Debug|x86.ActiveCfg = Debug|Win32
		{59629C6F-86D2-4C2C-8508-4A6EE8CE960F}.Debug|x86.Build.0 = Debug|Win32
		{59629C6F-86D2-4C2C-8508-4A6EE8CE960F}.Release|x64.ActiveCfg = Release|x64
		{59629C6F-86D2-4C2C-8508-4A6EE8CE960F}.Release|x64.Build.0 = Release|x64
		{59629C6F-86D2-4C2C-8508-4A6EE8CE960F}.Release|x86.ActiveCfg = Release|Win32
		{59629C6F-86D2-4C2C-8508-4A6EE8CE960F}.Release|x86.Build.0 = Release|Win32
	EndGlobalSection
	GlobalSection(SolutionProperties) = preSolution
		HideSolutionNode = FALSE
	EndGlobalSection
	GlobalSection(ExtensibilityGlobals) = postSolution
		SolutionGuid = {093AAC8A-61DF-4D58-82C5-DF27F0E610C5}
	EndGlobalSection
EndGlobal
